// !$*UTF8*$!
{
	archiveVersion = 1;
	classes = {
	};
	objectVersion = 55;
	objects = {

/* Begin PBXBuildFile section */
		1590B390289AD1FF00C87D69 /* processor.cpp in Sources */ = {isa = PBXBuildFile; fileRef = 1590B38A289AD1FF00C87D69 /* processor.cpp */; };
		1590B391289AD1FF00C87D69 /* fetcher.cpp in Sources */ = {isa = PBXBuildFile; fileRef = 1590B38B289AD1FF00C87D69 /* fetcher.cpp */; };
		1590B392289AD1FF00C87D69 /* decoder.cpp in Sources */ = {isa = PBXBuildFile; fileRef = 1590B38C289AD1FF00C87D69 /* decoder.cpp */; };
		1590B393289AD1FF00C87D69 /* main.cpp in Sources */ = {isa = PBXBuildFile; fileRef = 1590B38D289AD1FF00C87D69 /* main.cpp */; };
/* End PBXBuildFile section */

/* Begin PBXCopyFilesBuildPhase section */
		1590B35D289ACF8D00C87D69 /* CopyFiles */ = {
			isa = PBXCopyFilesBuildPhase;
			buildActionMask = 2147483647;
			dstPath = /usr/share/man/man1/;
			dstSubfolderSpec = 0;
			files = (
			);
			runOnlyForDeploymentPostprocessing = 1;
		};
/* End PBXCopyFilesBuildPhase section */

/* Begin PBXFileReference section */
		1590B35F289ACF8D00C87D69 /* AVRSim */ = {isa = PBXFileReference; explicitFileType = "compiled.mach-o.executable"; includeInIndex = 0; path = AVRSim; sourceTree = BUILT_PRODUCTS_DIR; };
		1590B382289AD1FF00C87D69 /* fetcher.hpp */ = {isa = PBXFileReference; fileEncoding = 4; lastKnownFileType = sourcecode.cpp.h; path = fetcher.hpp; sourceTree = "<group>"; };
		1590B383289AD1FF00C87D69 /* avr.hpp */ = {isa = PBXFileReference; fileEncoding = 4; lastKnownFileType = sourcecode.cpp.h; path = avr.hpp; sourceTree = "<group>"; };
		1590B384289AD1FF00C87D69 /* decoder.hpp */ = {isa = PBXFileReference; fileEncoding = 4; lastKnownFileType = sourcecode.cpp.h; path = decoder.hpp; sourceTree = "<group>"; };
		1590B386289AD1FF00C87D69 /* processor.hpp */ = {isa = PBXFileReference; fileEncoding = 4; lastKnownFileType = sourcecode.cpp.h; path = processor.hpp; sourceTree = "<group>"; };
		1590B387289AD1FF00C87D69 /* registers.hpp */ = {isa = PBXFileReference; fileEncoding = 4; lastKnownFileType = sourcecode.cpp.h; path = registers.hpp; sourceTree = "<group>"; };
		1590B38A289AD1FF00C87D69 /* processor.cpp */ = {isa = PBXFileReference; fileEncoding = 4; lastKnownFileType = sourcecode.cpp.cpp; path = processor.cpp; sourceTree = "<group>"; };
		1590B38B289AD1FF00C87D69 /* fetcher.cpp */ = {isa = PBXFileReference; fileEncoding = 4; lastKnownFileType = sourcecode.cpp.cpp; path = fetcher.cpp; sourceTree = "<group>"; };
		1590B38C289AD1FF00C87D69 /* decoder.cpp */ = {isa = PBXFileReference; fileEncoding = 4; lastKnownFileType = sourcecode.cpp.cpp; path = decoder.cpp; sourceTree = "<group>"; };
		1590B38D289AD1FF00C87D69 /* main.cpp */ = {isa = PBXFileReference; fileEncoding = 4; lastKnownFileType = sourcecode.cpp.cpp; path = main.cpp; sourceTree = "<group>"; };
		1590B38E289AD1FF00C87D69 /* CMakeLists.txt */ = {isa = PBXFileReference; fileEncoding = 4; lastKnownFileType = text; path = CMakeLists.txt; sourceTree = "<group>"; };
		1590B3A9289AD49D00C87D69 /* interlaced.s */ = {isa = PBXFileReference; lastKnownFileType = sourcecode.asm; path = interlaced.s; sourceTree = "<group>"; };
		1590B3AC289AD49D00C87D69 /* test.s */ = {isa = PBXFileReference; lastKnownFileType = sourcecode.asm; path = test.s; sourceTree = "<group>"; };
		1590B3AF289AD49D00C87D69 /* a.out */ = {isa = PBXFileReference; lastKnownFileType = file; path = a.out; sourceTree = "<group>"; };
		1590B3B0289AD49D00C87D69 /* test.hex */ = {isa = PBXFileReference; lastKnownFileType = text; path = test.hex; sourceTree = "<group>"; };
		1590B3B1289AD49D00C87D69 /* main.c */ = {isa = PBXFileReference; lastKnownFileType = sourcecode.c.c; path = main.c; sourceTree = "<group>"; };
		15B6E098289D7494007DEEBF /* readme.md */ = {isa = PBXFileReference; lastKnownFileType = net.daringfireball.markdown; path = readme.md; sourceTree = "<group>"; };
		15B6E09D289D781C007DEEBF /* progress.md */ = {isa = PBXFileReference; fileEncoding = 4; lastKnownFileType = net.daringfireball.markdown; name = progress.md; path = doc/progress.md; sourceTree = "<group>"; };
		15E02A8F28BBD43100C3F23F /* Recompile.sh */ = {isa = PBXFileReference; lastKnownFileType = text.script.sh; path = Recompile.sh; sourceTree = "<group>"; };
		15E02A9028BBF47900C3F23F /* readme.md */ = {isa = PBXFileReference; lastKnownFileType = net.daringfireball.markdown; path = readme.md; sourceTree = "<group>"; };
		15E76C33289C5D4300AE4D99 /* Executable.hpp */ = {isa = PBXFileReference; lastKnownFileType = sourcecode.cpp.h; path = Executable.hpp; sourceTree = "<group>"; };
/* End PBXFileReference section */

/* Begin PBXFrameworksBuildPhase section */
		1590B35C289ACF8D00C87D69 /* Frameworks */ = {
			isa = PBXFrameworksBuildPhase;
			buildActionMask = 2147483647;
			files = (
			);
			runOnlyForDeploymentPostprocessing = 0;
		};
/* End PBXFrameworksBuildPhase section */

/* Begin PBXGroup section */
		1590B356289ACF8D00C87D69 = {
			isa = PBXGroup;
			children = (
				15B6E09C289D74E8007DEEBF /* doc */,
				15B6E098289D7494007DEEBF /* readme.md */,
				1590B38E289AD1FF00C87D69 /* CMakeLists.txt */,
				1590B380289AD1FF00C87D69 /* inc */,
				1590B388289AD1FF00C87D69 /* src */,
				1590B3A6289AD49D00C87D69 /* test */,
				1590B360289ACF8D00C87D69 /* Products */,
			);
			sourceTree = "<group>";
		};
		1590B360289ACF8D00C87D69 /* Products */ = {
			isa = PBXGroup;
			children = (
				1590B35F289ACF8D00C87D69 /* AVRSim */,
			);
			name = Products;
			sourceTree = "<group>";
		};
		1590B380289AD1FF00C87D69 /* inc */ = {
			isa = PBXGroup;
			children = (
				1590B382289AD1FF00C87D69 /* fetcher.hpp */,
				1590B383289AD1FF00C87D69 /* avr.hpp */,
				1590B384289AD1FF00C87D69 /* decoder.hpp */,
				1590B386289AD1FF00C87D69 /* processor.hpp */,
				1590B387289AD1FF00C87D69 /* registers.hpp */,
				15E76C33289C5D4300AE4D99 /* Executable.hpp */,
			);
			path = inc;
			sourceTree = "<group>";
		};
		1590B388289AD1FF00C87D69 /* src */ = {
			isa = PBXGroup;
			children = (
				1590B38A289AD1FF00C87D69 /* processor.cpp */,
				1590B38B289AD1FF00C87D69 /* fetcher.cpp */,
				1590B38C289AD1FF00C87D69 /* decoder.cpp */,
				1590B38D289AD1FF00C87D69 /* main.cpp */,
			);
			path = src;
			sourceTree = "<group>";
		};
		1590B3A6289AD49D00C87D69 /* test */ = {
			isa = PBXGroup;
			children = (
				1590B3A9289AD49D00C87D69 /* interlaced.s */,
				1590B3AC289AD49D00C87D69 /* test.s */,
				1590B3AF289AD49D00C87D69 /* a.out */,
				1590B3B0289AD49D00C87D69 /* test.hex */,
				1590B3B1289AD49D00C87D69 /* main.c */,
				15E02A8F28BBD43100C3F23F /* Recompile.sh */,
				15E02A9028BBF47900C3F23F /* readme.md */,
			);
			name = test;
			path = AVRSim/test;
			sourceTree = "<group>";
		};
		15B6E09C289D74E8007DEEBF /* doc */ = {
			isa = PBXGroup;
			children = (
				15B6E09D289D781C007DEEBF /* progress.md */,
			);
			name = doc;
			sourceTree = "<group>";
		};
/* End PBXGroup section */

/* Begin PBXNativeTarget section */
		1590B35E289ACF8D00C87D69 /* AVRSim */ = {
			isa = PBXNativeTarget;
			buildConfigurationList = 1590B366289ACF8D00C87D69 /* Build configuration list for PBXNativeTarget "AVRSim" */;
			buildPhases = (
				1590B35B289ACF8D00C87D69 /* Sources */,
				1590B35C289ACF8D00C87D69 /* Frameworks */,
				1590B35D289ACF8D00C87D69 /* CopyFiles */,
			);
			buildRules = (
			);
			dependencies = (
			);
			name = AVRSim;
			productName = AVRSim;
			productReference = 1590B35F289ACF8D00C87D69 /* AVRSim */;
			productType = "com.apple.product-type.tool";
		};
/* End PBXNativeTarget section */

/* Begin PBXProject section */
		1590B357289ACF8D00C87D69 /* Project object */ = {
			isa = PBXProject;
			attributes = {
				BuildIndependentTargetsInParallel = 1;
				LastUpgradeCheck = 1340;
				TargetAttributes = {
					1590B35E289ACF8D00C87D69 = {
						CreatedOnToolsVersion = 13.4.1;
					};
				};
			};
			buildConfigurationList = 1590B35A289ACF8D00C87D69 /* Build configuration list for PBXProject "AVRSim" */;
			compatibilityVersion = "Xcode 13.0";
			developmentRegion = en;
			hasScannedForEncodings = 0;
			knownRegions = (
				en,
				Base,
			);
			mainGroup = 1590B356289ACF8D00C87D69;
			productRefGroup = 1590B360289ACF8D00C87D69 /* Products */;
			projectDirPath = "";
			projectRoot = "";
			targets = (
				1590B35E289ACF8D00C87D69 /* AVRSim */,
			);
		};
/* End PBXProject section */

/* Begin PBXSourcesBuildPhase section */
		1590B35B289ACF8D00C87D69 /* Sources */ = {
			isa = PBXSourcesBuildPhase;
			buildActionMask = 2147483647;
			files = (
				1590B390289AD1FF00C87D69 /* processor.cpp in Sources */,
				1590B391289AD1FF00C87D69 /* fetcher.cpp in Sources */,
				1590B392289AD1FF00C87D69 /* decoder.cpp in Sources */,
				1590B393289AD1FF00C87D69 /* main.cpp in Sources */,
			);
			runOnlyForDeploymentPostprocessing = 0;
		};
/* End PBXSourcesBuildPhase section */

/* Begin XCBuildConfiguration section */
		1590B364289ACF8D00C87D69 /* Debug */ = {
			isa = XCBuildConfiguration;
			buildSettings = {
				ALWAYS_SEARCH_USER_PATHS = NO;
				CLANG_ANALYZER_NONNULL = YES;
				CLANG_ANALYZER_NUMBER_OBJECT_CONVERSION = YES_AGGRESSIVE;
				CLANG_CXX_LANGUAGE_STANDARD = "c++20";
				CLANG_ENABLE_MODULES = YES;
				CLANG_ENABLE_OBJC_ARC = YES;
				CLANG_ENABLE_OBJC_WEAK = YES;
				CLANG_WARN_BLOCK_CAPTURE_AUTORELEASING = YES;
				CLANG_WARN_BOOL_CONVERSION = YES;
				CLANG_WARN_COMMA = YES;
				CLANG_WARN_CONSTANT_CONVERSION = YES;
				CLANG_WARN_DEPRECATED_OBJC_IMPLEMENTATIONS = YES;
				CLANG_WARN_DIRECT_OBJC_ISA_USAGE = YES_ERROR;
				CLANG_WARN_DOCUMENTATION_COMMENTS = YES;
				CLANG_WARN_EMPTY_BODY = YES;
				CLANG_WARN_ENUM_CONVERSION = YES;
				CLANG_WARN_INFINITE_RECURSION = YES;
				CLANG_WARN_INT_CONVERSION = YES;
				CLANG_WARN_NON_LITERAL_NULL_CONVERSION = YES;
				CLANG_WARN_OBJC_IMPLICIT_RETAIN_SELF = YES;
				CLANG_WARN_OBJC_LITERAL_CONVERSION = YES;
				CLANG_WARN_OBJC_ROOT_CLASS = YES_ERROR;
				CLANG_WARN_QUOTED_INCLUDE_IN_FRAMEWORK_HEADER = YES;
				CLANG_WARN_RANGE_LOOP_ANALYSIS = YES;
				CLANG_WARN_STRICT_PROTOTYPES = YES;
				CLANG_WARN_SUSPICIOUS_MOVE = YES;
				CLANG_WARN_UNGUARDED_AVAILABILITY = YES_AGGRESSIVE;
				CLANG_WARN_UNREACHABLE_CODE = YES;
				CLANG_WARN__DUPLICATE_METHOD_MATCH = YES;
				COPY_PHASE_STRIP = NO;
				DEBUG_INFORMATION_FORMAT = dwarf;
				ENABLE_STRICT_OBJC_MSGSEND = YES;
				ENABLE_TESTABILITY = YES;
				GCC_C_LANGUAGE_STANDARD = c11;
				GCC_DYNAMIC_NO_PIC = NO;
				GCC_NO_COMMON_BLOCKS = YES;
				GCC_OPTIMIZATION_LEVEL = 0;
				GCC_PREPROCESSOR_DEFINITIONS = (
					"DEBUG=1",
					"$(inherited)",
				);
				GCC_WARN_64_TO_32_BIT_CONVERSION = YES;
				GCC_WARN_ABOUT_RETURN_TYPE = YES_ERROR;
				GCC_WARN_UNDECLARED_SELECTOR = YES;
				GCC_WARN_UNINITIALIZED_AUTOS = YES_AGGRESSIVE;
				GCC_WARN_UNUSED_FUNCTION = YES;
				GCC_WARN_UNUSED_VARIABLE = YES;
				MACOSX_DEPLOYMENT_TARGET = 12.3;
				MTL_ENABLE_DEBUG_INFO = INCLUDE_SOURCE;
				MTL_FAST_MATH = YES;
				ONLY_ACTIVE_ARCH = YES;
				SDKROOT = macosx;
			};
			name = Debug;
		};
		1590B365289ACF8D00C87D69 /* Release */ = {
			isa = XCBuildConfiguration;
			buildSettings = {
				ALWAYS_SEARCH_USER_PATHS = NO;
				CLANG_ANALYZER_NONNULL = YES;
				CLANG_ANALYZER_NUMBER_OBJECT_CONVERSION = YES_AGGRESSIVE;
				CLANG_CXX_LANGUAGE_STANDARD = "c++20";
				CLANG_ENABLE_MODULES = YES;
				CLANG_ENABLE_OBJC_ARC = YES;
				CLANG_ENABLE_OBJC_WEAK = YES;
				CLANG_WARN_BLOCK_CAPTURE_AUTORELEASING = YES;
				CLANG_WARN_BOOL_CONVERSION = YES;
				CLANG_WARN_COMMA = YES;
				CLANG_WARN_CONSTANT_CONVERSION = YES;
				CLANG_WARN_DEPRECATED_OBJC_IMPLEMENTATIONS = YES;
				CLANG_WARN_DIRECT_OBJC_ISA_USAGE = YES_ERROR;
				CLANG_WARN_DOCUMENTATION_COMMENTS = YES;
				CLANG_WARN_EMPTY_BODY = YES;
				CLANG_WARN_ENUM_CONVERSION = YES;
				CLANG_WARN_INFINITE_RECURSION = YES;
				CLANG_WARN_INT_CONVERSION = YES;
				CLANG_WARN_NON_LITERAL_NULL_CONVERSION = YES;
				CLANG_WARN_OBJC_IMPLICIT_RETAIN_SELF = YES;
				CLANG_WARN_OBJC_LITERAL_CONVERSION = YES;
				CLANG_WARN_OBJC_ROOT_CLASS = YES_ERROR;
				CLANG_WARN_QUOTED_INCLUDE_IN_FRAMEWORK_HEADER = YES;
				CLANG_WARN_RANGE_LOOP_ANALYSIS = YES;
				CLANG_WARN_STRICT_PROTOTYPES = YES;
				CLANG_WARN_SUSPICIOUS_MOVE = YES;
				CLANG_WARN_UNGUARDED_AVAILABILITY = YES_AGGRESSIVE;
				CLANG_WARN_UNREACHABLE_CODE = YES;
				CLANG_WARN__DUPLICATE_METHOD_MATCH = YES;
				COPY_PHASE_STRIP = NO;
				DEBUG_INFORMATION_FORMAT = "dwarf-with-dsym";
				ENABLE_NS_ASSERTIONS = NO;
				ENABLE_STRICT_OBJC_MSGSEND = YES;
				GCC_C_LANGUAGE_STANDARD = c11;
				GCC_NO_COMMON_BLOCKS = YES;
				GCC_OPTIMIZATION_LEVEL = fast;
				GCC_WARN_64_TO_32_BIT_CONVERSION = YES;
				GCC_WARN_ABOUT_RETURN_TYPE = YES_ERROR;
				GCC_WARN_UNDECLARED_SELECTOR = YES;
				GCC_WARN_UNINITIALIZED_AUTOS = YES_AGGRESSIVE;
				GCC_WARN_UNUSED_FUNCTION = YES;
				GCC_WARN_UNUSED_VARIABLE = YES;
				MACOSX_DEPLOYMENT_TARGET = 12.3;
				MTL_ENABLE_DEBUG_INFO = NO;
				MTL_FAST_MATH = YES;
				SDKROOT = macosx;
			};
			name = Release;
		};
		1590B367289ACF8D00C87D69 /* Debug */ = {
			isa = XCBuildConfiguration;
			buildSettings = {
				CODE_SIGN_STYLE = Automatic;
				DEVELOPMENT_TEAM = 7JW4Q8RQYF;
				ENABLE_HARDENED_RUNTIME = YES;
				PRODUCT_NAME = "$(TARGET_NAME)";
			};
			name = Debug;
		};
		1590B368289ACF8D00C87D69 /* Release */ = {
			isa = XCBuildConfiguration;
			buildSettings = {
				CODE_SIGN_STYLE = Automatic;
				DEVELOPMENT_TEAM = 7JW4Q8RQYF;
				ENABLE_HARDENED_RUNTIME = YES;
				PRODUCT_NAME = "$(TARGET_NAME)";
			};
			name = Release;
		};
/* End XCBuildConfiguration section */

/* Begin XCConfigurationList section */
		1590B35A289ACF8D00C87D69 /* Build configuration list for PBXProject "AVRSim" */ = {
			isa = XCConfigurationList;
			buildConfigurations = (
				1590B364289ACF8D00C87D69 /* Debug */,
				1590B365289ACF8D00C87D69 /* Release */,
			);
			defaultConfigurationIsVisible = 0;
			defaultConfigurationName = Release;
		};
		1590B366289ACF8D00C87D69 /* Build configuration list for PBXNativeTarget "AVRSim" */ = {
			isa = XCConfigurationList;
			buildConfigurations = (
				1590B367289ACF8D00C87D69 /* Debug */,
				1590B368289ACF8D00C87D69 /* Release */,
			);
			defaultConfigurationIsVisible = 0;
			defaultConfigurationName = Release;
		};
/* End XCConfigurationList section */
	};
	rootObject = 1590B357289ACF8D00C87D69 /* Project object */;
}
